
Microsoft Visual Studio Solution File, Format Version 12.00
# Visual Studio Version 17
VisualStudioVersion = 17.0.31903.59
MinimumVisualStudioVersion = 10.0.40219.1
Project("{2150E333-8FDC-42A3-9474-1A3956D46DE8}") = " Meta", " Meta", "{FFECE0AD-CDF5-4692-A0E0-97C87CCC388E}"
	ProjectSection(SolutionItems) = preProject
		README.md = README.md
		LICENSE = LICENSE
		.gitignore = .gitignore
	EndProjectSection
EndProject
Project("{2150E333-8FDC-42A3-9474-1A3956D46DE8}") = " Build", " Build", "{BDB908AD-F1E7-4119-A688-DB85897F160E}"
	ProjectSection(SolutionItems) = preProject
		global.json = global.json
	EndProjectSection
EndProject
Project("{FAE04EC0-301F-11D3-BF4B-00C04F79EFBC}") = "peikcad.mms.domain", "src\peikcad.mms.domain\peikcad.mms.domain.csproj", "{207D7785-8688-42AF-94DD-64286258FEE3}"
EndProject
Project("{FAE04EC0-301F-11D3-BF4B-00C04F79EFBC}") = "peikcad.mms.application", "src\peikcad.mms.application\peikcad.mms.application.csproj", "{E3DAFB1E-7807-4D39-BD16-2F5F0EA15002}"
EndProject
Global
	GlobalSection(SolutionConfigurationPlatforms) = preSolution
		Debug|Any CPU = Debug|Any CPU
		Release|Any CPU = Release|Any CPU
	EndGlobalSection
	GlobalSection(SolutionProperties) = preSolution
		HideSolutionNode = FALSE
	EndGlobalSection
	GlobalSection(ProjectConfigurationPlatforms) = postSolution
		{207D7785-8688-42AF-94DD-64286258FEE3}.Debug|Any CPU.ActiveCfg = Debug|Any CPU
		{207D7785-8688-42AF-94DD-64286258FEE3}.Debug|Any CPU.Build.0 = Debug|Any CPU
		{207D7785-8688-42AF-94DD-64286258FEE3}.Release|Any CPU.ActiveCfg = Release|Any CPU
		{207D7785-8688-42AF-94DD-64286258FEE3}.Release|Any CPU.Build.0 = Release|Any CPU
		{E3DAFB1E-7807-4D39-BD16-2F5F0EA15002}.Debug|Any CPU.ActiveCfg = Debug|Any CPU
		{E3DAFB1E-7807-4D39-BD16-2F5F0EA15002}.Debug|Any CPU.Build.0 = Debug|Any CPU
		{E3DAFB1E-7807-4D39-BD16-2F5F0EA15002}.Release|Any CPU.ActiveCfg = Release|Any CPU
		{E3DAFB1E-7807-4D39-BD16-2F5F0EA15002}.Release|Any CPU.Build.0 = Release|Any CPU
	EndGlobalSection
EndGlobal
